
Microsoft Visual Studio Solution File, Format Version 12.00
# Visual Studio Version 16
VisualStudioVersion = 16.0.30523.141
MinimumVisualStudioVersion = 10.0.40219.1
Project("{FAE04EC0-301F-11D3-BF4B-00C04F79EFBC}") = "CA201022", "CA201022.csproj", "{9CA21519-43E0-494B-AAAA-773488547E1A}"
EndProject
Global
	GlobalSection(SolutionConfigurationPlatforms) = preSolution
		Debug|Any CPU = Debug|Any CPU
		Release|Any CPU = Release|Any CPU
	EndGlobalSection
	GlobalSection(ProjectConfigurationPlatforms) = postSolution
		{9CA21519-43E0-494B-AAAA-773488547E1A}.Debug|Any CPU.ActiveCfg = Debug|Any CPU
		{9CA21519-43E0-494B-AAAA-773488547E1A}.Debug|Any CPU.Build.0 = Debug|Any CPU
		{9CA21519-43E0-494B-AAAA-773488547E1A}.Release|Any CPU.ActiveCfg = Release|Any CPU
		{9CA21519-43E0-494B-AAAA-773488547E1A}.Release|Any CPU.Build.0 = Release|Any CPU
	EndGlobalSection
	GlobalSection(SolutionProperties) = preSolution
		HideSolutionNode = FALSE
	EndGlobalSection
	GlobalSection(ExtensibilityGlobals) = postSolution
		SolutionGuid = {BAC3300A-8AEB-4EB4-B1C5-78804DEF431F}
	EndGlobalSection
EndGlobal
